{
    "_readme": [
        "This file locks the dependencies of your project to a known state",
        "Read more about it at https://getcomposer.org/doc/01-basic-usage.md#installing-dependencies",
        "This file is @generated automatically"
    ],
    "content-hash": "7d1710855182b07b802fcb5d5bb21cb1",
    "packages": [
        {
            "name": "facebook/hack-codegen",
            "version": "v4.3.10",
            "source": {
                "type": "git",
                "url": "https://github.com/hhvm/hack-codegen.git",
                "reference": "0e73e6249e791204f697eba03f2f31e8f914787a"
            },
            "dist": {
                "type": "zip",
                "url": "https://api.github.com/repos/hhvm/hack-codegen/zipball/0e73e6249e791204f697eba03f2f31e8f914787a",
                "reference": "0e73e6249e791204f697eba03f2f31e8f914787a",
                "shasum": ""
            },
            "require": {
                "hhvm": "^4.25",
                "hhvm/hhvm-autoload": "^2.0|^3.0",
                "hhvm/hsl": "^4.0"
            },
            "require-dev": {
                "facebook/difflib": "^1.0",
                "facebook/fbexpect": "^2.6.1",
                "hhvm/hacktest": "^2.0",
                "hhvm/hhast": "^4.0",
                "hhvm/type-assert": "^3.1|^4.0"
            },
            "bin": [
                "bin/hh-codegen-verify-signatures",
                "bin/hh-codegen-verify-signatures.hack"
            ],
            "type": "library",
            "notification-url": "https://packagist.org/downloads/",
            "authors": [
                {
                    "name": "Fred Emmott",
                    "role": "Developer"
                },
                {
                    "name": "Drew Hoskins",
                    "role": "Developer"
                },
                {
                    "name": "Gaurav Kumar",
                    "role": "Developer"
                },
                {
                    "name": "Alejandro Marcu",
                    "role": "Developer"
                },
                {
                    "name": "Matthieu Martin",
                    "role": "Developer"
                }
            ],
            "description": "Hack Codegen is a library for programatically generating Hack code",
            "keywords": [
                "code generation",
                "hack"
            ],
            "time": "2020-06-09T16:57:33+00:00"
        },
        {
            "name": "facebook/xhp-lib",
            "version": "v3.2.0",
            "source": {
                "type": "git",
                "url": "https://github.com/hhvm/xhp-lib.git",
                "reference": "2e6877ea3e8d72ee9e59a90c6b28590264a2e848"
            },
            "dist": {
                "type": "zip",
                "url": "https://api.github.com/repos/hhvm/xhp-lib/zipball/2e6877ea3e8d72ee9e59a90c6b28590264a2e848",
                "reference": "2e6877ea3e8d72ee9e59a90c6b28590264a2e848",
                "shasum": ""
            },
            "require": {
                "hhvm": "^4.32",
                "hhvm/type-assert": "^3.0|^4.0"
            },
            "require-dev": {
                "facebook/fbexpect": "^2.0.0",
                "hhvm/hacktest": "^2.0",
                "hhvm/hhvm-autoload": "^2.0|^3.0"
            },
            "type": "library",
            "extra": {
                "branch-alias": {
                    "3.x": "3.x-dev"
                }
            },
            "notification-url": "https://packagist.org/downloads/",
            "license": [
                "MIT"
            ],
            "description": "Class library for XHP",
            "homepage": "https://github.com/facebook/xhp-lib",
            "keywords": [
                "facebook",
                "hack",
                "hhvm",
                "xhp"
            ],
            "time": "2020-05-21T16:26:14+00:00"
        },
        {
            "name": "hhvm/hhvm-autoload",
            "version": "v3.1.1",
            "source": {
                "type": "git",
                "url": "https://github.com/hhvm/hhvm-autoload.git",
                "reference": "959faf03dc8a6ef9101668faece1c50f6fafd867"
            },
            "dist": {
                "type": "zip",
                "url": "https://api.github.com/repos/hhvm/hhvm-autoload/zipball/959faf03dc8a6ef9101668faece1c50f6fafd867",
                "reference": "959faf03dc8a6ef9101668faece1c50f6fafd867",
                "shasum": ""
            },
            "require": {
                "composer-plugin-api": "^1.0",
                "hhvm": "^4.25",
                "hhvm/hsl": "^4.0"
            },
            "replace": {
                "facebook/hhvm-autoload": "1.*"
            },
            "require-dev": {
                "facebook/fbexpect": "^2.1",
                "hhvm/hacktest": "^2.0"
            },
            "bin": [
                "bin/hh-autoload",
                "bin/hh-autoload.hack"
            ],
            "type": "composer-plugin",
            "extra": {
                "class": [
                    "Facebook\\AutoloadMap\\ComposerPlugin"
                ],
                "branch-alias": {
                    "dev-master": "2.x-dev"
                }
            },
            "autoload": {
                "classmap": [
                    "ComposerPlugin.php"
                ]
            },
            "notification-url": "https://packagist.org/downloads/",
            "time": "2020-05-20T16:38:40+00:00"
        },
        {
            "name": "hhvm/hsl",
            "version": "v4.41.0",
            "source": {
                "type": "git",
                "url": "https://github.com/hhvm/hsl.git",
                "reference": "80a42c02f036f72a42f0415e80d6b847f4bf62d5"
            },
            "dist": {
                "type": "zip",
                "url": "https://api.github.com/repos/hhvm/hsl/zipball/80a42c02f036f72a42f0415e80d6b847f4bf62d5",
                "reference": "80a42c02f036f72a42f0415e80d6b847f4bf62d5",
                "shasum": ""
            },
            "require": {
                "hhvm": "^4.41"
            },
            "require-dev": {
                "facebook/fbexpect": "^2.5.1",
                "hhvm/hacktest": "^1.0|^2.0",
                "hhvm/hhvm-autoload": "^2.0|^3.0",
                "hhvm/hsl-experimental": "^4.37|dev-master"
            },
            "type": "library",
            "extra": {
                "branch-alias": {
                    "dev-master": "4.x-dev"
                }
            },
            "notification-url": "https://packagist.org/downloads/",
            "license": [
                "MIT"
            ],
            "description": "The Hack Standard Library",
            "time": "2020-05-01T23:05:23+00:00"
        },
        {
            "name": "hhvm/type-assert",
            "version": "v3.7.3",
            "source": {
                "type": "git",
                "url": "https://github.com/hhvm/type-assert.git",
                "reference": "e076c42ed718929dbea96c0b354ebe96cccc2335"
            },
            "dist": {
                "type": "zip",
                "url": "https://api.github.com/repos/hhvm/type-assert/zipball/e076c42ed718929dbea96c0b354ebe96cccc2335",
                "reference": "e076c42ed718929dbea96c0b354ebe96cccc2335",
                "shasum": ""
            },
            "require": {
                "hhvm": "^4.30",
                "hhvm/hsl": "^4.0"
            },
            "require-dev": {
                "facebook/fbexpect": "^2.0.0",
                "hhvm/hacktest": "^2.0",
                "hhvm/hhast": "^4.0",
                "hhvm/hhvm-autoload": "^2.0"
            },
            "type": "library",
            "extra": {
                "branch-alias": {
                    "dev-master": "3.x-dev"
                }
            },
            "notification-url": "https://packagist.org/downloads/",
            "license": [
                "MIT"
            ],
            "description": "Convert untyped data to typed data",
            "keywords": [
                "TypeAssert",
                "hack"
            ],
            "time": "2020-01-13T21:48:58+00:00"
        },
        {
            "name": "jacobconley/hack-toml",
            "version": "v3.0",
            "source": {
                "type": "git",
                "url": "https://github.com/jacobconley/hack-toml.git",
                "reference": "26b9ff60e3b5c05b13e01c40433d61658103c313"
            },
            "dist": {
                "type": "zip",
                "url": "https://api.github.com/repos/jacobconley/hack-toml/zipball/26b9ff60e3b5c05b13e01c40433d61658103c313",
                "reference": "26b9ff60e3b5c05b13e01c40433d61658103c313",
                "shasum": ""
            },
            "require": {
                "hhvm/hhvm-autoload": "^3.01",
                "hhvm/hsl": "^4.40"
            },
            "require-dev": {
                "facebook/fbexpect": "^2.7.3",
                "hhvm/hacktest": "^2.0"
            },
            "type": "library",
            "description": "A TOML library for the Hack language",
            "support": {
                "source": "https://github.com/jacobconley/hack-toml/tree/v3.0",
                "issues": "https://github.com/jacobconley/hack-toml/issues"
            },
            "time": "2020-05-01T00:52:04+00:00"
        }
    ],
    "packages-dev": [
        {
            "name": "facebook/difflib",
            "version": "v1.2.0",
            "source": {
                "type": "git",
                "url": "https://github.com/hhvm/difflib.git",
                "reference": "b697c0ac436629c8cd9627ab31a60777431f72f6"
            },
            "dist": {
                "type": "zip",
                "url": "https://api.github.com/repos/hhvm/difflib/zipball/b697c0ac436629c8cd9627ab31a60777431f72f6",
                "reference": "b697c0ac436629c8cd9627ab31a60777431f72f6",
                "shasum": ""
            },
            "require": {
                "hhvm": "^4.8",
                "hhvm/hsl": "^4.0"
            },
            "require-dev": {
                "facebook/fbexpect": "^2.1.2",
                "hhvm/hacktest": "^1.0",
                "hhvm/hhast": "^4.0",
                "hhvm/hhvm-autoload": "^2.0"
            },
            "type": "library",
            "extra": {
                "branch-alias": {
                    "dev-master": "1.x-dev"
                }
            },
            "notification-url": "https://packagist.org/downloads/",
            "license": [
                "MIT"
            ],
            "time": "2019-07-22T20:15:27+00:00"
        },
        {
            "name": "facebook/fbexpect",
            "version": "v2.7.4",
            "source": {
                "type": "git",
                "url": "https://github.com/hhvm/fbexpect.git",
                "reference": "02a831d27bc928460c1407e0d48d02d339b03798"
            },
            "dist": {
                "type": "zip",
                "url": "https://api.github.com/repos/hhvm/fbexpect/zipball/02a831d27bc928460c1407e0d48d02d339b03798",
                "reference": "02a831d27bc928460c1407e0d48d02d339b03798",
                "shasum": ""
            },
            "require": {
                "facebook/difflib": "^1.0.0",
                "hhvm": "^4.25",
                "hhvm/hacktest": "^1.0|^2.0",
                "hhvm/hsl": "^4.0"
            },
            "require-dev": {
                "hhvm/hhast": "^4.0",
                "hhvm/hhvm-autoload": "^2.0|^3.0"
            },
            "type": "library",
            "notification-url": "https://packagist.org/downloads/",
            "license": [
                "MIT"
            ],
            "description": "Unit test helpers for Facebook projects",
            "time": "2020-04-23T03:58:41+00:00"
        },
        {
            "name": "facebook/hh-clilib",
            "version": "v2.4.2",
            "source": {
                "type": "git",
                "url": "https://github.com/hhvm/hh-clilib.git",
                "reference": "77bef1f893d77f8b7711fa83d72f2a11508f5888"
            },
            "dist": {
                "type": "zip",
                "url": "https://api.github.com/repos/hhvm/hh-clilib/zipball/77bef1f893d77f8b7711fa83d72f2a11508f5888",
                "reference": "77bef1f893d77f8b7711fa83d72f2a11508f5888",
                "shasum": ""
            },
            "require": {
                "hhvm": "^4.41",
                "hhvm/hsl": "^4.0",
                "hhvm/hsl-experimental": "^4.52",
                "hhvm/hsl-io": "^0.1.0",
                "hhvm/type-assert": "^3.0|^4.0"
            },
            "require-dev": {
                "facebook/fbexpect": "^2.6.1",
                "hhvm/hacktest": "^2.0",
                "hhvm/hhast": "^4.0.2"
            },
            "type": "library",
            "extra": {
                "branch-alias": {
                    "dev-master": "2.x-dev"
                }
            },
            "notification-url": "https://packagist.org/downloads/",
            "license": [
                "MIT"
            ],
            "time": "2020-05-21T15:52:05+00:00"
        },
        {
            "name": "hhvm/hacktest",
            "version": "v2.1.2",
            "source": {
                "type": "git",
                "url": "https://github.com/hhvm/hacktest.git",
                "reference": "27e507447d7a115004ddb1d20c9ee0ab561c4153"
            },
            "dist": {
                "type": "zip",
                "url": "https://api.github.com/repos/hhvm/hacktest/zipball/27e507447d7a115004ddb1d20c9ee0ab561c4153",
                "reference": "27e507447d7a115004ddb1d20c9ee0ab561c4153",
                "shasum": ""
            },
            "require": {
                "facebook/hh-clilib": "^2.3.0",
                "hhvm": "^4.41",
                "hhvm/hhvm-autoload": "^2.0.2|^3.0",
                "hhvm/hsl": "^4.0",
                "hhvm/hsl-experimental": "^4.50",
                "hhvm/hsl-io": "^0.1.0",
                "hhvm/type-assert": "^3.0|^4.0"
            },
            "require-dev": {
                "facebook/fbexpect": "^2.3.0",
                "hhvm/hhast": "^4.0"
            },
            "bin": [
                "bin/hacktest",
                "bin/hacktest.hack"
            ],
            "type": "library",
            "extra": {
                "branch-alias": {
                    "dev-master": "2.x-dev"
                }
            },
            "notification-url": "https://packagist.org/downloads/",
            "license": [
                "MIT"
            ],
            "description": "The Hack Test Library",
            "time": "2020-05-21T15:48:09+00:00"
        },
        {
            "name": "hhvm/hsl-experimental",
            "version": "v4.52.1",
            "source": {
                "type": "git",
                "url": "https://github.com/hhvm/hsl-experimental.git",
                "reference": "ba8cfb8b920af493c51ed11b3a7ac09f8d7f67c6"
            },
            "dist": {
                "type": "zip",
                "url": "https://api.github.com/repos/hhvm/hsl-experimental/zipball/ba8cfb8b920af493c51ed11b3a7ac09f8d7f67c6",
                "reference": "ba8cfb8b920af493c51ed11b3a7ac09f8d7f67c6",
                "shasum": ""
            },
            "require": {
                "hhvm": "^4.52",
                "hhvm/hsl": "^4.15"
            },
            "provide": {
                "hhvm/hsl-io": "0.1.0"
            },
            "require-dev": {
                "facebook/fbexpect": "^2.7.0",
                "hhvm/hacktest": "^2.0",
                "hhvm/hhvm-autoload": "^2.0|^3.0"
            },
            "type": "library",
            "extra": {
                "branch-alias": {
                    "dev-master": "4.x-dev"
                }
            },
            "notification-url": "https://packagist.org/downloads/",
            "license": [
                "MIT"
            ],
            "description": "The Hack Standard Library - Experimental Additions",
            "time": "2020-05-19T21:08:17+00:00"
        }
    ],
    "aliases": [],
    "minimum-stability": "stable",
    "stability-flags": [],
    "prefer-stable": false,
    "prefer-lowest": false,
    "platform": {
        "hhvm": "^4.56"
    },
    "platform-dev": []
}
